
Microsoft Visual Studio Solution File, Format Version 12.00
# Visual Studio Version 17
VisualStudioVersion = 17.14.36414.22 d17.14
MinimumVisualStudioVersion = 10.0.40219.1
Project("{FAE04EC0-301F-11D3-BF4B-00C04F79EFBC}") = "l8UpperCaseBuffer", "l8UpperCaseBuffer.csproj", "{CC6E432B-9697-40F1-B5A9-41C2F2654504}"
EndProject
Global
	GlobalSection(SolutionConfigurationPlatforms) = preSolution
		Debug|Any CPU = Debug|Any CPU
		Release|Any CPU = Release|Any CPU
	EndGlobalSection
	GlobalSection(ProjectConfigurationPlatforms) = postSolution
		{CC6E432B-9697-40F1-B5A9-41C2F2654504}.Debug|Any CPU.ActiveCfg = Debug|Any CPU
		{CC6E432B-9697-40F1-B5A9-41C2F2654504}.Debug|Any CPU.Build.0 = Debug|Any CPU
		{CC6E432B-9697-40F1-B5A9-41C2F2654504}.Release|Any CPU.ActiveCfg = Release|Any CPU
		{CC6E432B-9697-40F1-B5A9-41C2F2654504}.Release|Any CPU.Build.0 = Release|Any CPU
	EndGlobalSection
	GlobalSection(SolutionProperties) = preSolution
		HideSolutionNode = FALSE
	EndGlobalSection
	GlobalSection(ExtensibilityGlobals) = postSolution
		SolutionGuid = {7479F79A-5009-4402-961E-228F25AC7080}
	EndGlobalSection
EndGlobal
