Microsoft Visual Studio Solution File, Format Version 12.00
# Visual Studio Version 17
VisualStudioVersion = 17.5.2.0
MinimumVisualStudioVersion = 10.0.40219.1
Project("{FAE04EC0-301F-11D3-BF4B-00C04F79EFBC}") = "ProcessLauncher", "ProcessLauncher\ProcessLauncher.csproj", "{9DF9274A-D1C1-7389-926F-5AD1CA2CBB0E}"
EndProject
Project("{FAE04EC0-301F-11D3-BF4B-00C04F79EFBC}") = "NumberToWords", "NumberToWords\NumberToWords.csproj", "{EA10FAB4-2DEA-4AFC-9558-6FD7BF88BA8E}"
EndProject
Global
	GlobalSection(SolutionConfigurationPlatforms) = preSolution
		Debug|Any CPU = Debug|Any CPU
		Release|Any CPU = Release|Any CPU
	EndGlobalSection
	GlobalSection(ProjectConfigurationPlatforms) = postSolution
		{9DF9274A-D1C1-7389-926F-5AD1CA2CBB0E}.Debug|Any CPU.ActiveCfg = Debug|Any CPU
		{9DF9274A-D1C1-7389-926F-5AD1CA2CBB0E}.Debug|Any CPU.Build.0 = Debug|Any CPU
		{9DF9274A-D1C1-7389-926F-5AD1CA2CBB0E}.Release|Any CPU.ActiveCfg = Release|Any CPU
		{9DF9274A-D1C1-7389-926F-5AD1CA2CBB0E}.Release|Any CPU.Build.0 = Release|Any CPU
		{EA10FAB4-2DEA-4AFC-9558-6FD7BF88BA8E}.Debug|Any CPU.ActiveCfg = Debug|Any CPU
		{EA10FAB4-2DEA-4AFC-9558-6FD7BF88BA8E}.Debug|Any CPU.Build.0 = Debug|Any CPU
		{EA10FAB4-2DEA-4AFC-9558-6FD7BF88BA8E}.Release|Any CPU.ActiveCfg = Release|Any CPU
		{EA10FAB4-2DEA-4AFC-9558-6FD7BF88BA8E}.Release|Any CPU.Build.0 = Release|Any CPU
	EndGlobalSection
	GlobalSection(SolutionProperties) = preSolution
		HideSolutionNode = FALSE
	EndGlobalSection
	GlobalSection(ExtensibilityGlobals) = postSolution
		SolutionGuid = {F01A0732-2A1D-4C51-9281-326C90F6FE96}
	EndGlobalSection
EndGlobal
