
Microsoft Visual Studio Solution File, Format Version 12.00
# Visual Studio Version 17
VisualStudioVersion = 17.14.36414.22 d17.14
MinimumVisualStudioVersion = 10.0.40219.1
Project("{FAE04EC0-301F-11D3-BF4B-00C04F79EFBC}") = "LockSemaphoreExample", "LockSemaphoreExample.csproj", "{B4754FFA-6EC2-4565-A6DF-3319AB979F86}"
EndProject
Global
	GlobalSection(SolutionConfigurationPlatforms) = preSolution
		Debug|Any CPU = Debug|Any CPU
		Release|Any CPU = Release|Any CPU
	EndGlobalSection
	GlobalSection(ProjectConfigurationPlatforms) = postSolution
		{B4754FFA-6EC2-4565-A6DF-3319AB979F86}.Debug|Any CPU.ActiveCfg = Debug|Any CPU
		{B4754FFA-6EC2-4565-A6DF-3319AB979F86}.Debug|Any CPU.Build.0 = Debug|Any CPU
		{B4754FFA-6EC2-4565-A6DF-3319AB979F86}.Release|Any CPU.ActiveCfg = Release|Any CPU
		{B4754FFA-6EC2-4565-A6DF-3319AB979F86}.Release|Any CPU.Build.0 = Release|Any CPU
	EndGlobalSection
	GlobalSection(SolutionProperties) = preSolution
		HideSolutionNode = FALSE
	EndGlobalSection
	GlobalSection(ExtensibilityGlobals) = postSolution
		SolutionGuid = {388CFFB4-34E9-4F66-9442-12B8E93127D8}
	EndGlobalSection
EndGlobal
